# This file is automatically @generated by Poetry 2.2.1 and should not be changed by hand.

[[package]]
name = "pyside6-essentials"
version = "6.10.1"
description = "Python bindings for the Qt cross-platform application and UI framework (Essentials)"
optional = false
python-versions = "<3.15,>=3.9"
groups = ["main"]
files = [
    {file = "pyside6_essentials-6.10.1-cp39-abi3-macosx_13_0_universal2.whl", hash = "sha256:cd224aff3bb26ff1fca32c050e1c4d0bd9f951a96219d40d5f3d0128485b0bbe"},
    {file = "pyside6_essentials-6.10.1-cp39-abi3-manylinux_2_34_x86_64.whl", hash = "sha256:e9ccbfb58c03911a0bce1f2198605b02d4b5ca6276bfc0cbcf7c6f6393ffb856"},
    {file = "pyside6_essentials-6.10.1-cp39-abi3-manylinux_2_39_aarch64.whl", hash = "sha256:ec8617c9b143b0c19ba1cc5a7e98c538e4143795480cb152aee47802c18dc5d2"},
    {file = "pyside6_essentials-6.10.1-cp39-abi3-win_amd64.whl", hash = "sha256:9555a48e8f0acf63fc6a23c250808db841b28a66ed6ad89ee0e4df7628752674"},
    {file = "pyside6_essentials-6.10.1-cp39-abi3-win_arm64.whl", hash = "sha256:4d1d248644f1778f8ddae5da714ca0f5a150a5e6f602af2765a7d21b876da05c"},
]

[package.dependencies]
shiboken6 = "6.10.1"

[[package]]
name = "shiboken6"
version = "6.10.1"
description = "Python/C++ bindings helper module"
optional = false
python-versions = "<3.15,>=3.9"
groups = ["main"]
files = [
    {file = "shiboken6-6.10.1-cp39-abi3-macosx_13_0_universal2.whl", hash = "sha256:9f2990f5b61b0b68ecadcd896ab4441f2cb097eef7797ecc40584107d9850d71"},
    {file = "shiboken6-6.10.1-cp39-abi3-manylinux_2_34_x86_64.whl", hash = "sha256:f4221a52dfb81f24a0d20cc4f8981cb6edd810d5a9fb28287ce10d342573a0e4"},
    {file = "shiboken6-6.10.1-cp39-abi3-manylinux_2_39_aarch64.whl", hash = "sha256:c095b00f4d6bf578c0b2464bb4e264b351a99345374478570f69e2e679a2a1d0"},
    {file = "shiboken6-6.10.1-cp39-abi3-win_amd64.whl", hash = "sha256:c1601d3cda1fa32779b141663873741b54e797cb0328458d7466281f117b0a4e"},
    {file = "shiboken6-6.10.1-cp39-abi3-win_arm64.whl", hash = "sha256:5cf800917008587b551005a45add2d485cca66f5f7ecd5b320e9954e40448cc9"},
]

[metadata]
lock-version = "2.1"
python-versions = ">=3.13,<3.15"
content-hash = "a66bdce5d6e6c78666780b0e4c3aaf4d276ee620829d663c337717d66a9bf37b"
